{
  "pins" : [
    {
      "identity" : "journalist",
      "kind" : "remoteSourceControl",
      "location" : "https://github.com/ios-tooling/Journalist.git",
      "state" : {
        "revision" : "c2b35ee743638869b65da551074ded4df99f9ce8",
        "version" : "1.0.12"
      }
    },
    {
      "identity" : "suite",
      "kind" : "remoteSourceControl",
      "location" : "https://github.com/ios-tooling/Suite.git",
      "state" : {
        "branch" : "swift_6",
        "revision" : "6917c58e78b20ef22d0b225f4fa294d8ec73f7ce"
      }
    },
    {
      "identity" : "swift-syntax",
      "kind" : "remoteSourceControl",
      "location" : "https://github.com/apple/swift-syntax",
      "state" : {
        "revision" : "64889f0c732f210a935a0ad7cda38f77f876262d",
        "version" : "509.1.1"
      }
    }
  ],
  "version" : 2
}
