{
  "pins" : [
    {
      "identity" : "journalist",
      "kind" : "remoteSourceControl",
      "location" : "https://github.com/ios-tooling/Journalist.git",
      "state" : {
        "revision" : "c2b35ee743638869b65da551074ded4df99f9ce8",
        "version" : "1.0.12"
      }
    },
    {
      "identity" : "suite",
      "kind" : "remoteSourceControl",
      "location" : "https://github.com/ios-tooling/Suite.git",
      "state" : {
        "revision" : "b31482360b0403b13c26bda8fcf8c536add495a5",
        "version" : "1.2.50"
      }
    },
    {
      "identity" : "swift-syntax",
      "kind" : "remoteSourceControl",
      "location" : "https://github.com/apple/swift-syntax",
      "state" : {
        "revision" : "4799286537280063c85a32f09884cfbca301b1a1",
        "version" : "602.0.0"
      }
    }
  ],
  "version" : 2
}
