{
  "originHash" : "45ea619f015c93df2760268726d5bc878f346c1333249eb347cb1a1543878583",
  "pins" : [
    {
      "identity" : "filebrowser",
      "kind" : "remoteSourceControl",
      "location" : "https://github.com/ios-tooling/filebrowser",
      "state" : {
        "revision" : "ba99ce1bd133290cf5688661f0cb156db7905829",
        "version" : "0.0.5"
      }
    },
    {
      "identity" : "journalist",
      "kind" : "remoteSourceControl",
      "location" : "https://github.com/ios-tooling/Journalist.git",
      "state" : {
        "revision" : "c2b35ee743638869b65da551074ded4df99f9ce8",
        "version" : "1.0.12"
      }
    },
    {
      "identity" : "swift-syntax",
      "kind" : "remoteSourceControl",
      "location" : "https://github.com/apple/swift-syntax",
      "state" : {
        "revision" : "0687f71944021d616d34d922343dcef086855920",
        "version" : "600.0.1"
      }
    }
  ],
  "version" : 3
}
